// !$*UTF8*$!
{
	archiveVersion = 1;
	classes = {
	};
	objectVersion = 77;
	objects = {

/* Begin PBXContainerItemProxy section */
		013F43A62DDF0A74006C1D6F /* PBXContainerItemProxy */ = {
			isa = PBXContainerItemProxy;
			containerPortal = 013F43842DDF0A72006C1D6F /* Project object */;
			proxyType = 1;
			remoteGlobalIDString = 013F438B2DDF0A72006C1D6F;
			remoteInfo = DarkMode;
		};
		013F43B02DDF0A74006C1D6F /* PBXContainerItemProxy */ = {
			isa = PBXContainerItemProxy;
			containerPortal = 013F43842DDF0A72006C1D6F /* Project object */;
			proxyType = 1;
			remoteGlobalIDString = 013F438B2DDF0A72006C1D6F;
			remoteInfo = DarkMode;
		};
/* End PBXContainerItemProxy section */

/* Begin PBXFileReference section */
		013F438C2DDF0A72006C1D6F /* DarkMode.app */ = {isa = PBXFileReference; explicitFileType = wrapper.application; includeInIndex = 0; path = DarkMode.app; sourceTree = BUILT_PRODUCTS_DIR; };
		013F43A52DDF0A74006C1D6F /* DarkModeTests.xctest */ = {isa = PBXFileReference; explicitFileType = wrapper.cfbundle; includeInIndex = 0; path = DarkModeTests.xctest; sourceTree = BUILT_PRODUCTS_DIR; };
		013F43AF2DDF0A74006C1D6F /* DarkModeUITests.xctest */ = {isa = PBXFileReference; explicitFileType = wrapper.cfbundle; includeInIndex = 0; path = DarkModeUITests.xctest; sourceTree = BUILT_PRODUCTS_DIR; };
/* End PBXFileReference section */

/* Begin PBXFileSystemSynchronizedBuildFileExceptionSet section */
		013F43B72DDF0A74006C1D6F /* Exceptions for "DarkMode" folder in "DarkMode" target */ = {
			isa = PBXFileSystemSynchronizedBuildFileExceptionSet;
			membershipExceptions = (
				Info.plist,
			);
			target = 013F438B2DDF0A72006C1D6F /* DarkMode */;
		};
/* End PBXFileSystemSynchronizedBuildFileExceptionSet section */

/* Begin PBXFileSystemSynchronizedRootGroup section */
		013F438E2DDF0A72006C1D6F /* DarkMode */ = {
			isa = PBXFileSystemSynchronizedRootGroup;
			exceptions = (
				013F43B72DDF0A74006C1D6F /* Exceptions for "DarkMode" folder in "DarkMode" target */,
			);
			path = DarkMode;
			sourceTree = "<group>";
		};
		013F43A82DDF0A74006C1D6F /* DarkModeTests */ = {
			isa = PBXFileSystemSynchronizedRootGroup;
			path = DarkModeTests;
			sourceTree = "<group>";
		};
		013F43B22DDF0A74006C1D6F /* DarkModeUITests */ = {
			isa = PBXFileSystemSynchronizedRootGroup;
			path = DarkModeUITests;
			sourceTree = "<group>";
		};
/* End PBXFileSystemSynchronizedRootGroup section */

/* Begin PBXFrameworksBuildPhase section */
		013F43892DDF0A72006C1D6F /* Frameworks */ = {
			isa = PBXFrameworksBuildPhase;
			buildActionMask = 2147483647;
			files = (
			);
			runOnlyForDeploymentPostprocessing = 0;
		};
		013F43A22DDF0A74006C1D6F /* Frameworks */ = {
			isa = PBXFrameworksBuildPhase;
			buildActionMask = 2147483647;
			files = (
			);
			runOnlyForDeploymentPostprocessing = 0;
		};
		013F43AC2DDF0A74006C1D6F /* Frameworks */ = {
			isa = PBXFrameworksBuildPhase;
			buildActionMask = 2147483647;
			files = (
			);
			runOnlyForDeploymentPostprocessing = 0;
		};
/* End PBXFrameworksBuildPhase section */

/* Begin PBXGroup section */
		013F43832DDF0A72006C1D6F = {
			isa = PBXGroup;
			children = (
				013F438E2DDF0A72006C1D6F /* DarkMode */,
				013F43A82DDF0A74006C1D6F /* DarkModeTests */,
				013F43B22DDF0A74006C1D6F /* DarkModeUITests */,
				013F438D2DDF0A72006C1D6F /* Products */,
			);
			sourceTree = "<group>";
		};
		013F438D2DDF0A72006C1D6F /* Products */ = {
			isa = PBXGroup;
			children = (
				013F438C2DDF0A72006C1D6F /* DarkMode.app */,
				013F43A52DDF0A74006C1D6F /* DarkModeTests.xctest */,
				013F43AF2DDF0A74006C1D6F /* DarkModeUITests.xctest */,
			);
			name = Products;
			sourceTree = "<group>";
		};
/* End PBXGroup section */

/* Begin PBXNativeTarget section */
		013F438B2DDF0A72006C1D6F /* DarkMode */ = {
			isa = PBXNativeTarget;
			buildConfigurationList = 013F43B82DDF0A74006C1D6F /* Build configuration list for PBXNativeTarget "DarkMode" */;
			buildPhases = (
				013F43882DDF0A72006C1D6F /* Sources */,
				013F43892DDF0A72006C1D6F /* Frameworks */,
				013F438A2DDF0A72006C1D6F /* Resources */,
			);
			buildRules = (
			);
			dependencies = (
			);
			fileSystemSynchronizedGroups = (
				013F438E2DDF0A72006C1D6F /* DarkMode */,
			);
			name = DarkMode;
			packageProductDependencies = (
			);
			productName = DarkMode;
			productReference = 013F438C2DDF0A72006C1D6F /* DarkMode.app */;
			productType = "com.apple.product-type.application";
		};
		013F43A42DDF0A74006C1D6F /* DarkModeTests */ = {
			isa = PBXNativeTarget;
			buildConfigurationList = 013F43BD2DDF0A74006C1D6F /* Build configuration list for PBXNativeTarget "DarkModeTests" */;
			buildPhases = (
				013F43A12DDF0A74006C1D6F /* Sources */,
				013F43A22DDF0A74006C1D6F /* Frameworks */,
				013F43A32DDF0A74006C1D6F /* Resources */,
			);
			buildRules = (
			);
			dependencies = (
				013F43A72DDF0A74006C1D6F /* PBXTargetDependency */,
			);
			fileSystemSynchronizedGroups = (
				013F43A82DDF0A74006C1D6F /* DarkModeTests */,
			);
			name = DarkModeTests;
			packageProductDependencies = (
			);
			productName = DarkModeTests;
			productReference = 013F43A52DDF0A74006C1D6F /* DarkModeTests.xctest */;
			productType = "com.apple.product-type.bundle.unit-test";
		};
		013F43AE2DDF0A74006C1D6F /* DarkModeUITests */ = {
			isa = PBXNativeTarget;
			buildConfigurationList = 013F43C02DDF0A74006C1D6F /* Build configuration list for PBXNativeTarget "DarkModeUITests" */;
			buildPhases = (
				013F43AB2DDF0A74006C1D6F /* Sources */,
				013F43AC2DDF0A74006C1D6F /* Frameworks */,
				013F43AD2DDF0A74006C1D6F /* Resources */,
			);
			buildRules = (
			);
			dependencies = (
				013F43B12DDF0A74006C1D6F /* PBXTargetDependency */,
			);
			fileSystemSynchronizedGroups = (
				013F43B22DDF0A74006C1D6F /* DarkModeUITests */,
			);
			name = DarkModeUITests;
			packageProductDependencies = (
			);
			productName = DarkModeUITests;
			productReference = 013F43AF2DDF0A74006C1D6F /* DarkModeUITests.xctest */;
			productType = "com.apple.product-type.bundle.ui-testing";
		};
/* End PBXNativeTarget section */

/* Begin PBXProject section */
		013F43842DDF0A72006C1D6F /* Project object */ = {
			isa = PBXProject;
			attributes = {
				BuildIndependentTargetsInParallel = 1;
				LastSwiftUpdateCheck = 1620;
				LastUpgradeCheck = 1620;
				TargetAttributes = {
					013F438B2DDF0A72006C1D6F = {
						CreatedOnToolsVersion = 16.2;
					};
					013F43A42DDF0A74006C1D6F = {
						CreatedOnToolsVersion = 16.2;
						TestTargetID = 013F438B2DDF0A72006C1D6F;
					};
					013F43AE2DDF0A74006C1D6F = {
						CreatedOnToolsVersion = 16.2;
						TestTargetID = 013F438B2DDF0A72006C1D6F;
					};
				};
			};
			buildConfigurationList = 013F43872DDF0A72006C1D6F /* Build configuration list for PBXProject "DarkMode" */;
			developmentRegion = en;
			hasScannedForEncodings = 0;
			knownRegions = (
				en,
				Base,
			);
			mainGroup = 013F43832DDF0A72006C1D6F;
			minimizedProjectReferenceProxies = 1;
			preferredProjectObjectVersion = 77;
			productRefGroup = 013F438D2DDF0A72006C1D6F /* Products */;
			projectDirPath = "";
			projectRoot = "";
			targets = (
				013F438B2DDF0A72006C1D6F /* DarkMode */,
				013F43A42DDF0A74006C1D6F /* DarkModeTests */,
				013F43AE2DDF0A74006C1D6F /* DarkModeUITests */,
			);
		};
/* End PBXProject section */

/* Begin PBXResourcesBuildPhase section */
		013F438A2DDF0A72006C1D6F /* Resources */ = {
			isa = PBXResourcesBuildPhase;
			buildActionMask = 2147483647;
			files = (
			);
			runOnlyForDeploymentPostprocessing = 0;
		};
		013F43A32DDF0A74006C1D6F /* Resources */ = {
			isa = PBXResourcesBuildPhase;
			buildActionMask = 2147483647;
			files = (
			);
			runOnlyForDeploymentPostprocessing = 0;
		};
		013F43AD2DDF0A74006C1D6F /* Resources */ = {
			isa = PBXResourcesBuildPhase;
			buildActionMask = 2147483647;
			files = (
			);
			runOnlyForDeploymentPostprocessing = 0;
		};
/* End PBXResourcesBuildPhase section */

/* Begin PBXSourcesBuildPhase section */
		013F43882DDF0A72006C1D6F /* Sources */ = {
			isa = PBXSourcesBuildPhase;
			buildActionMask = 2147483647;
			files = (
			);
			runOnlyForDeploymentPostprocessing = 0;
		};
		013F43A12DDF0A74006C1D6F /* Sources */ = {
			isa = PBXSourcesBuildPhase;
			buildActionMask = 2147483647;
			files = (
			);
			runOnlyForDeploymentPostprocessing = 0;
		};
		013F43AB2DDF0A74006C1D6F /* Sources */ = {
			isa = PBXSourcesBuildPhase;
			buildActionMask = 2147483647;
			files = (
			);
			runOnlyForDeploymentPostprocessing = 0;
		};
/* End PBXSourcesBuildPhase section */

/* Begin PBXTargetDependency section */
		013F43A72DDF0A74006C1D6F /* PBXTargetDependency */ = {
			isa = PBXTargetDependency;
			target = 013F438B2DDF0A72006C1D6F /* DarkMode */;
			targetProxy = 013F43A62DDF0A74006C1D6F /* PBXContainerItemProxy */;
		};
		013F43B12DDF0A74006C1D6F /* PBXTargetDependency */ = {
			isa = PBXTargetDependency;
			target = 013F438B2DDF0A72006C1D6F /* DarkMode */;
			targetProxy = 013F43B02DDF0A74006C1D6F /* PBXContainerItemProxy */;
		};
/* End PBXTargetDependency section */

/* Begin XCBuildConfiguration section */
		013F43B92DDF0A74006C1D6F /* Debug */ = {
			isa = XCBuildConfiguration;
			buildSettings = {
				ASSETCATALOG_COMPILER_APPICON_NAME = AppIcon;
				ASSETCATALOG_COMPILER_GLOBAL_ACCENT_COLOR_NAME = AccentColor;
				CODE_SIGN_STYLE = Automatic;
				CURRENT_PROJECT_VERSION = 1;
				DEVELOPMENT_TEAM = TT4GXCQDMG;
				GENERATE_INFOPLIST_FILE = YES;
				INFOPLIST_FILE = DarkMode/Info.plist;
				INFOPLIST_KEY_UIApplicationSupportsIndirectInputEvents = YES;
				INFOPLIST_KEY_UILaunchStoryboardName = LaunchScreen;
				INFOPLIST_KEY_UIMainStoryboardFile = Main;
				INFOPLIST_KEY_UISupportedInterfaceOrientations_iPad = "UIInterfaceOrientationPortrait UIInterfaceOrientationPortraitUpsideDown UIInterfaceOrientationLandscapeLeft UIInterfaceOrientationLandscapeRight";
				INFOPLIST_KEY_UISupportedInterfaceOrientations_iPhone = "UIInterfaceOrientationPortrait UIInterfaceOrientationLandscapeLeft UIInterfaceOrientationLandscapeRight";
				LD_RUNPATH_SEARCH_PATHS = (
					"$(inherited)",
					"@executable_path/Frameworks",
				);
				MARKETING_VERSION = 1.0;
				PRODUCT_BUNDLE_IDENTIFIER = com.FirstApp.DarkMode;
				PRODUCT_NAME = "$(TARGET_NAME)";
				SWIFT_EMIT_LOC_STRINGS = YES;
				SWIFT_VERSION = 5.0;
				TARGETED_DEVICE_FAMILY = "1,2";
			};
			name = Debug;
		};
		013F43BA2DDF0A74006C1D6F /* Release */ = {
			isa = XCBuildConfiguration;
			buildSettings = {
				ASSETCATALOG_COMPILER_APPICON_NAME = AppIcon;
				ASSETCATALOG_COMPILER_GLOBAL_ACCENT_COLOR_NAME = AccentColor;
				CODE_SIGN_STYLE = Automatic;
				CURRENT_PROJECT_VERSION = 1;
				DEVELOPMENT_TEAM = TT4GXCQDMG;
				GENERATE_INFOPLIST_FILE = YES;
				INFOPLIST_FILE = DarkMode/Info.plist;
				INFOPLIST_KEY_UIApplicationSupportsIndirectInputEvents = YES;
				INFOPLIST_KEY_UILaunchStoryboardName = LaunchScreen;
				INFOPLIST_KEY_UIMainStoryboardFile = Main;
				INFOPLIST_KEY_UISupportedInterfaceOrientations_iPad = "UIInterfaceOrientationPortrait UIInterfaceOrientationPortraitUpsideDown UIInterfaceOrientationLandscapeLeft UIInterfaceOrientationLandscapeRight";
				INFOPLIST_KEY_UISupportedInterfaceOrientations_iPhone = "UIInterfaceOrientationPortrait UIInterfaceOrientationLandscapeLeft UIInterfaceOrientationLandscapeRight";
				LD_RUNPATH_SEARCH_PATHS = (
					"$(inherited)",
					"@executable_path/Frameworks",
				);
				MARKETING_VERSION = 1.0;
				PRODUCT_BUNDLE_IDENTIFIER = com.FirstApp.DarkMode;
				PRODUCT_NAME = "$(TARGET_NAME)";
				SWIFT_EMIT_LOC_STRINGS = YES;
				SWIFT_VERSION = 5.0;
				TARGETED_DEVICE_FAMILY = "1,2";
			};
			name = Release;
		};
		013F43BB2DDF0A74006C1D6F /* Debug */ = {
			isa = XCBuildConfiguration;
			buildSettings = {
				ALWAYS_SEARCH_USER_PATHS = NO;
				ASSETCATALOG_COMPILER_GENERATE_SWIFT_ASSET_SYMBOL_EXTENSIONS = YES;
				CLANG_ANALYZER_NONNULL = YES;
				CLANG_ANALYZER_NUMBER_OBJECT_CONVERSION = YES_AGGRESSIVE;
				CLANG_CXX_LANGUAGE_STANDARD = "gnu++20";
				CLANG_ENABLE_MODULES = YES;
				CLANG_ENABLE_OBJC_ARC = YES;
				CLANG_ENABLE_OBJC_WEAK = YES;
				CLANG_WARN_BLOCK_CAPTURE_AUTORELEASING = YES;
				CLANG_WARN_BOOL_CONVERSION = YES;
				CLANG_WARN_COMMA = YES;
				CLANG_WARN_CONSTANT_CONVERSION = YES;
				CLANG_WARN_DEPRECATED_OBJC_IMPLEMENTATIONS = YES;
				CLANG_WARN_DIRECT_OBJC_ISA_USAGE = YES_ERROR;
				CLANG_WARN_DOCUMENTATION_COMMENTS = YES;
				CLANG_WARN_EMPTY_BODY = YES;
				CLANG_WARN_ENUM_CONVERSION = YES;
				CLANG_WARN_INFINITE_RECURSION = YES;
				CLANG_WARN_INT_CONVERSION = YES;
				CLANG_WARN_NON_LITERAL_NULL_CONVERSION = YES;
				CLANG_WARN_OBJC_IMPLICIT_RETAIN_SELF = YES;
				CLANG_WARN_OBJC_LITERAL_CONVERSION = YES;
				CLANG_WARN_OBJC_ROOT_CLASS = YES_ERROR;
				CLANG_WARN_QUOTED_INCLUDE_IN_FRAMEWORK_HEADER = YES;
				CLANG_WARN_RANGE_LOOP_ANALYSIS = YES;
				CLANG_WARN_STRICT_PROTOTYPES = YES;
				CLANG_WARN_SUSPICIOUS_MOVE = YES;
				CLANG_WARN_UNGUARDED_AVAILABILITY = YES_AGGRESSIVE;
				CLANG_WARN_UNREACHABLE_CODE = YES;
				CLANG_WARN__DUPLICATE_METHOD_MATCH = YES;
				COPY_PHASE_STRIP = NO;
				DEBUG_INFORMATION_FORMAT = dwarf;
				ENABLE_STRICT_OBJC_MSGSEND = YES;
				ENABLE_TESTABILITY = YES;
				ENABLE_USER_SCRIPT_SANDBOXING = YES;
				GCC_C_LANGUAGE_STANDARD = gnu17;
				GCC_DYNAMIC_NO_PIC = NO;
				GCC_NO_COMMON_BLOCKS = YES;
				GCC_OPTIMIZATION_LEVEL = 0;
				GCC_PREPROCESSOR_DEFINITIONS = (
					"DEBUG=1",
					"$(inherited)",
				);
				GCC_WARN_64_TO_32_BIT_CONVERSION = YES;
				GCC_WARN_ABOUT_RETURN_TYPE = YES_ERROR;
				GCC_WARN_UNDECLARED_SELECTOR = YES;
				GCC_WARN_UNINITIALIZED_AUTOS = YES_AGGRESSIVE;
				GCC_WARN_UNUSED_FUNCTION = YES;
				GCC_WARN_UNUSED_VARIABLE = YES;
				IPHONEOS_DEPLOYMENT_TARGET = 18.2;
				LOCALIZATION_PREFERS_STRING_CATALOGS = YES;
				MTL_ENABLE_DEBUG_INFO = INCLUDE_SOURCE;
				MTL_FAST_MATH = YES;
				ONLY_ACTIVE_ARCH = YES;
				SDKROOT = iphoneos;
				SWIFT_ACTIVE_COMPILATION_CONDITIONS = "DEBUG $(inherited)";
				SWIFT_OPTIMIZATION_LEVEL = "-Onone";
			};
			name = Debug;
		};
		013F43BC2DDF0A74006C1D6F /* Release */ = {
			isa = XCBuildConfiguration;
			buildSettings = {
				ALWAYS_SEARCH_USER_PATHS = NO;
				ASSETCATALOG_COMPILER_GENERATE_SWIFT_ASSET_SYMBOL_EXTENSIONS = YES;
				CLANG_ANALYZER_NONNULL = YES;
				CLANG_ANALYZER_NUMBER_OBJECT_CONVERSION = YES_AGGRESSIVE;
				CLANG_CXX_LANGUAGE_STANDARD = "gnu++20";
				CLANG_ENABLE_MODULES = YES;
				CLANG_ENABLE_OBJC_ARC = YES;
				CLANG_ENABLE_OBJC_WEAK = YES;
				CLANG_WARN_BLOCK_CAPTURE_AUTORELEASING = YES;
				CLANG_WARN_BOOL_CONVERSION = YES;
				CLANG_WARN_COMMA = YES;
				CLANG_WARN_CONSTANT_CONVERSION = YES;
				CLANG_WARN_DEPRECATED_OBJC_IMPLEMENTATIONS = YES;
				CLANG_WARN_DIRECT_OBJC_ISA_USAGE = YES_ERROR;
				CLANG_WARN_DOCUMENTATION_COMMENTS = YES;
				CLANG_WARN_EMPTY_BODY = YES;
				CLANG_WARN_ENUM_CONVERSION = YES;
				CLANG_WARN_INFINITE_RECURSION = YES;
				CLANG_WARN_INT_CONVERSION = YES;
				CLANG_WARN_NON_LITERAL_NULL_CONVERSION = YES;
				CLANG_WARN_OBJC_IMPLICIT_RETAIN_SELF = YES;
				CLANG_WARN_OBJC_LITERAL_CONVERSION = YES;
				CLANG_WARN_OBJC_ROOT_CLASS = YES_ERROR;
				CLANG_WARN_QUOTED_INCLUDE_IN_FRAMEWORK_HEADER = YES;
				CLANG_WARN_RANGE_LOOP_ANALYSIS = YES;
				CLANG_WARN_STRICT_PROTOTYPES = YES;
				CLANG_WARN_SUSPICIOUS_MOVE = YES;
				CLANG_WARN_UNGUARDED_AVAILABILITY = YES_AGGRESSIVE;
				CLANG_WARN_UNREACHABLE_CODE = YES;
				CLANG_WARN__DUPLICATE_METHOD_MATCH = YES;
				COPY_PHASE_STRIP = NO;
				DEBUG_INFORMATION_FORMAT = "dwarf-with-dsym";
				ENABLE_NS_ASSERTIONS = NO;
				ENABLE_STRICT_OBJC_MSGSEND = YES;
				ENABLE_USER_SCRIPT_SANDBOXING = YES;
				GCC_C_LANGUAGE_STANDARD = gnu17;
				GCC_NO_COMMON_BLOCKS = YES;
				GCC_WARN_64_TO_32_BIT_CONVERSION = YES;
				GCC_WARN_ABOUT_RETURN_TYPE = YES_ERROR;
				GCC_WARN_UNDECLARED_SELECTOR = YES;
				GCC_WARN_UNINITIALIZED_AUTOS = YES_AGGRESSIVE;
				GCC_WARN_UNUSED_FUNCTION = YES;
				GCC_WARN_UNUSED_VARIABLE = YES;
				IPHONEOS_DEPLOYMENT_TARGET = 18.2;
				LOCALIZATION_PREFERS_STRING_CATALOGS = YES;
				MTL_ENABLE_DEBUG_INFO = NO;
				MTL_FAST_MATH = YES;
				SDKROOT = iphoneos;
				SWIFT_COMPILATION_MODE = wholemodule;
				VALIDATE_PRODUCT = YES;
			};
			name = Release;
		};
		013F43BE2DDF0A74006C1D6F /* Debug */ = {
			isa = XCBuildConfiguration;
			buildSettings = {
				BUNDLE_LOADER = "$(TEST_HOST)";
				CODE_SIGN_STYLE = Automatic;
				CURRENT_PROJECT_VERSION = 1;
				DEVELOPMENT_TEAM = TT4GXCQDMG;
				GENERATE_INFOPLIST_FILE = YES;
				IPHONEOS_DEPLOYMENT_TARGET = 18.2;
				MARKETING_VERSION = 1.0;
				PRODUCT_BUNDLE_IDENTIFIER = com.FirstApp.DarkModeTests;
				PRODUCT_NAME = "$(TARGET_NAME)";
				SWIFT_EMIT_LOC_STRINGS = NO;
				SWIFT_VERSION = 5.0;
				TARGETED_DEVICE_FAMILY = "1,2";
				TEST_HOST = "$(BUILT_PRODUCTS_DIR)/DarkMode.app/$(BUNDLE_EXECUTABLE_FOLDER_PATH)/DarkMode";
			};
			name = Debug;
		};
		013F43BF2DDF0A74006C1D6F /* Release */ = {
			isa = XCBuildConfiguration;
			buildSettings = {
				BUNDLE_LOADER = "$(TEST_HOST)";
				CODE_SIGN_STYLE = Automatic;
				CURRENT_PROJECT_VERSION = 1;
				DEVELOPMENT_TEAM = TT4GXCQDMG;
				GENERATE_INFOPLIST_FILE = YES;
				IPHONEOS_DEPLOYMENT_TARGET = 18.2;
				MARKETING_VERSION = 1.0;
				PRODUCT_BUNDLE_IDENTIFIER = com.FirstApp.DarkModeTests;
				PRODUCT_NAME = "$(TARGET_NAME)";
				SWIFT_EMIT_LOC_STRINGS = NO;
				SWIFT_VERSION = 5.0;
				TARGETED_DEVICE_FAMILY = "1,2";
				TEST_HOST = "$(BUILT_PRODUCTS_DIR)/DarkMode.app/$(BUNDLE_EXECUTABLE_FOLDER_PATH)/DarkMode";
			};
			name = Release;
		};
		013F43C12DDF0A74006C1D6F /* Debug */ = {
			isa = XCBuildConfiguration;
			buildSettings = {
				CODE_SIGN_STYLE = Automatic;
				CURRENT_PROJECT_VERSION = 1;
				DEVELOPMENT_TEAM = TT4GXCQDMG;
				GENERATE_INFOPLIST_FILE = YES;
				MARKETING_VERSION = 1.0;
				PRODUCT_BUNDLE_IDENTIFIER = com.FirstApp.DarkModeUITests;
				PRODUCT_NAME = "$(TARGET_NAME)";
				SWIFT_EMIT_LOC_STRINGS = NO;
				SWIFT_VERSION = 5.0;
				TARGETED_DEVICE_FAMILY = "1,2";
				TEST_TARGET_NAME = DarkMode;
			};
			name = Debug;
		};
		013F43C22DDF0A74006C1D6F /* Release */ = {
			isa = XCBuildConfiguration;
			buildSettings = {
				CODE_SIGN_STYLE = Automatic;
				CURRENT_PROJECT_VERSION = 1;
				DEVELOPMENT_TEAM = TT4GXCQDMG;
				GENERATE_INFOPLIST_FILE = YES;
				MARKETING_VERSION = 1.0;
				PRODUCT_BUNDLE_IDENTIFIER = com.FirstApp.DarkModeUITests;
				PRODUCT_NAME = "$(TARGET_NAME)";
				SWIFT_EMIT_LOC_STRINGS = NO;
				SWIFT_VERSION = 5.0;
				TARGETED_DEVICE_FAMILY = "1,2";
				TEST_TARGET_NAME = DarkMode;
			};
			name = Release;
		};
/* End XCBuildConfiguration section */

/* Begin XCConfigurationList section */
		013F43872DDF0A72006C1D6F /* Build configuration list for PBXProject "DarkMode" */ = {
			isa = XCConfigurationList;
			buildConfigurations = (
				013F43BB2DDF0A74006C1D6F /* Debug */,
				013F43BC2DDF0A74006C1D6F /* Release */,
			);
			defaultConfigurationIsVisible = 0;
			defaultConfigurationName = Release;
		};
		013F43B82DDF0A74006C1D6F /* Build configuration list for PBXNativeTarget "DarkMode" */ = {
			isa = XCConfigurationList;
			buildConfigurations = (
				013F43B92DDF0A74006C1D6F /* Debug */,
				013F43BA2DDF0A74006C1D6F /* Release */,
			);
			defaultConfigurationIsVisible = 0;
			defaultConfigurationName = Release;
		};
		013F43BD2DDF0A74006C1D6F /* Build configuration list for PBXNativeTarget "DarkModeTests" */ = {
			isa = XCConfigurationList;
			buildConfigurations = (
				013F43BE2DDF0A74006C1D6F /* Debug */,
				013F43BF2DDF0A74006C1D6F /* Release */,
			);
			defaultConfigurationIsVisible = 0;
			defaultConfigurationName = Release;
		};
		013F43C02DDF0A74006C1D6F /* Build configuration list for PBXNativeTarget "DarkModeUITests" */ = {
			isa = XCConfigurationList;
			buildConfigurations = (
				013F43C12DDF0A74006C1D6F /* Debug */,
				013F43C22DDF0A74006C1D6F /* Release */,
			);
			defaultConfigurationIsVisible = 0;
			defaultConfigurationName = Release;
		};
/* End XCConfigurationList section */
	};
	rootObject = 013F43842DDF0A72006C1D6F /* Project object */;
}
